
Microsoft Visual Studio Solution File, Format Version 12.00
# Visual Studio Version 16
VisualStudioVersion = 16.0.31205.134
MinimumVisualStudioVersion = 10.0.40219.1
Project("{2150E333-8FDC-42A3-9474-1A3956D46DE8}") = "1 - Presentation Layer", "1 - Presentation Layer", "{F8786822-0770-4F0E-A401-E5615B586235}"
EndProject
Project("{2150E333-8FDC-42A3-9474-1A3956D46DE8}") = "2 - Application Layer", "2 - Application Layer", "{656E608D-AA24-4996-A814-C6536570C7CF}"
EndProject
Project("{2150E333-8FDC-42A3-9474-1A3956D46DE8}") = "3 - Domain Layer", "3 - Domain Layer", "{B014D32E-30B1-4396-B083-DD5D18EB5C84}"
EndProject
Project("{2150E333-8FDC-42A3-9474-1A3956D46DE8}") = "4 - InfraStructure Layer", "4 - InfraStructure Layer", "{3DA2531F-D824-41E7-8060-53A8988A169E}"
EndProject
Project("{2150E333-8FDC-42A3-9474-1A3956D46DE8}") = "1.1 AspNet MVC", "1.1 AspNet MVC", "{4CCA6D66-FD94-4A2E-9A47-463D287585DC}"
EndProject
Project("{2150E333-8FDC-42A3-9474-1A3956D46DE8}") = "1.2 AspNet API", "1.2 AspNet API", "{CAE13A8A-4982-4D02-AD3D-1963CCF6B38C}"
EndProject
Project("{9A19103F-16F7-4668-BE54-9A1E7A4F7556}") = "Projeto02.Presentation.Mvc", "Projeto02.Presentation.Mvc\Projeto02.Presentation.Mvc.csproj", "{3831C62C-9431-47FF-9808-E50EB0908234}"
EndProject
Project("{9A19103F-16F7-4668-BE54-9A1E7A4F7556}") = "Projeto02.Domain", "Projeto02.Domain\Projeto02.Domain.csproj", "{A9DF674B-BFCD-47EA-B852-0042E1E05AC2}"
EndProject
Project("{2150E333-8FDC-42A3-9474-1A3956D46DE8}") = "4.1 - Data", "4.1 - Data", "{77ACCFF3-3CFE-4D46-8F7B-9C7551AD38A5}"
EndProject
Project("{9A19103F-16F7-4668-BE54-9A1E7A4F7556}") = "Projeto02.Data.SqlServer", "Projeto02.Data.SqlServer\Projeto02.Data.SqlServer.csproj", "{BD8660E6-9C22-4A2C-8F4B-1811CA26E9B0}"
EndProject
Project("{FAE04EC0-301F-11D3-BF4B-00C04F79EFBC}") = "Projeto02.Application", "Projeto02.Application\Projeto02.Application.csproj", "{B8AA3A05-4BC9-4E0F-8B53-DF3D78D7B669}"
EndProject
Project("{2150E333-8FDC-42A3-9474-1A3956D46DE8}") = "5 - Inverse Of Control", "5 - Inverse Of Control", "{CB0286C3-AC5B-4600-AB37-029304A77F2C}"
EndProject
Project("{FAE04EC0-301F-11D3-BF4B-00C04F79EFBC}") = "Projeto02.IoC", "Projeto02.IoC\Projeto02.IoC.csproj", "{930E2D90-089E-4BF9-AF31-0FAACFA75CF1}"
EndProject
Global
	GlobalSection(SolutionConfigurationPlatforms) = preSolution
		Debug|Any CPU = Debug|Any CPU
		Release|Any CPU = Release|Any CPU
	EndGlobalSection
	GlobalSection(ProjectConfigurationPlatforms) = postSolution
		{3831C62C-9431-47FF-9808-E50EB0908234}.Debug|Any CPU.ActiveCfg = Debug|Any CPU
		{3831C62C-9431-47FF-9808-E50EB0908234}.Debug|Any CPU.Build.0 = Debug|Any CPU
		{3831C62C-9431-47FF-9808-E50EB0908234}.Release|Any CPU.ActiveCfg = Release|Any CPU
		{3831C62C-9431-47FF-9808-E50EB0908234}.Release|Any CPU.Build.0 = Release|Any CPU
		{A9DF674B-BFCD-47EA-B852-0042E1E05AC2}.Debug|Any CPU.ActiveCfg = Debug|Any CPU
		{A9DF674B-BFCD-47EA-B852-0042E1E05AC2}.Debug|Any CPU.Build.0 = Debug|Any CPU
		{A9DF674B-BFCD-47EA-B852-0042E1E05AC2}.Release|Any CPU.ActiveCfg = Release|Any CPU
		{A9DF674B-BFCD-47EA-B852-0042E1E05AC2}.Release|Any CPU.Build.0 = Release|Any CPU
		{BD8660E6-9C22-4A2C-8F4B-1811CA26E9B0}.Debug|Any CPU.ActiveCfg = Debug|Any CPU
		{BD8660E6-9C22-4A2C-8F4B-1811CA26E9B0}.Debug|Any CPU.Build.0 = Debug|Any CPU
		{BD8660E6-9C22-4A2C-8F4B-1811CA26E9B0}.Release|Any CPU.ActiveCfg = Release|Any CPU
		{BD8660E6-9C22-4A2C-8F4B-1811CA26E9B0}.Release|Any CPU.Build.0 = Release|Any CPU
		{B8AA3A05-4BC9-4E0F-8B53-DF3D78D7B669}.Debug|Any CPU.ActiveCfg = Debug|Any CPU
		{B8AA3A05-4BC9-4E0F-8B53-DF3D78D7B669}.Debug|Any CPU.Build.0 = Debug|Any CPU
		{B8AA3A05-4BC9-4E0F-8B53-DF3D78D7B669}.Release|Any CPU.ActiveCfg = Release|Any CPU
		{B8AA3A05-4BC9-4E0F-8B53-DF3D78D7B669}.Release|Any CPU.Build.0 = Release|Any CPU
		{930E2D90-089E-4BF9-AF31-0FAACFA75CF1}.Debug|Any CPU.ActiveCfg = Debug|Any CPU
		{930E2D90-089E-4BF9-AF31-0FAACFA75CF1}.Debug|Any CPU.Build.0 = Debug|Any CPU
		{930E2D90-089E-4BF9-AF31-0FAACFA75CF1}.Release|Any CPU.ActiveCfg = Release|Any CPU
		{930E2D90-089E-4BF9-AF31-0FAACFA75CF1}.Release|Any CPU.Build.0 = Release|Any CPU
	EndGlobalSection
	GlobalSection(SolutionProperties) = preSolution
		HideSolutionNode = FALSE
	EndGlobalSection
	GlobalSection(NestedProjects) = preSolution
		{4CCA6D66-FD94-4A2E-9A47-463D287585DC} = {F8786822-0770-4F0E-A401-E5615B586235}
		{CAE13A8A-4982-4D02-AD3D-1963CCF6B38C} = {F8786822-0770-4F0E-A401-E5615B586235}
		{3831C62C-9431-47FF-9808-E50EB0908234} = {4CCA6D66-FD94-4A2E-9A47-463D287585DC}
		{A9DF674B-BFCD-47EA-B852-0042E1E05AC2} = {B014D32E-30B1-4396-B083-DD5D18EB5C84}
		{77ACCFF3-3CFE-4D46-8F7B-9C7551AD38A5} = {3DA2531F-D824-41E7-8060-53A8988A169E}
		{BD8660E6-9C22-4A2C-8F4B-1811CA26E9B0} = {77ACCFF3-3CFE-4D46-8F7B-9C7551AD38A5}
		{B8AA3A05-4BC9-4E0F-8B53-DF3D78D7B669} = {656E608D-AA24-4996-A814-C6536570C7CF}
		{930E2D90-089E-4BF9-AF31-0FAACFA75CF1} = {CB0286C3-AC5B-4600-AB37-029304A77F2C}
	EndGlobalSection
	GlobalSection(ExtensibilityGlobals) = postSolution
		SolutionGuid = {64BF53D7-CD92-45C7-8FD5-9BEF46570761}
	EndGlobalSection
EndGlobal
